
Microsoft Visual Studio Solution File, Format Version 12.00
# Visual Studio Version 16
VisualStudioVersion = 16.0.30002.166
MinimumVisualStudioVersion = 10.0.40219.1
Project("{FAE04EC0-301F-11D3-BF4B-00C04F79EFBC}") = "GamificationService", "GamificationService.csproj", "{21AE76C4-EF90-4E95-82F1-E6FDE5D33FAE}"
EndProject
Global
	GlobalSection(SolutionConfigurationPlatforms) = preSolution
		Debug|Any CPU = Debug|Any CPU
		Release|Any CPU = Release|Any CPU
	EndGlobalSection
	GlobalSection(ProjectConfigurationPlatforms) = postSolution
		{21AE76C4-EF90-4E95-82F1-E6FDE5D33FAE}.Debug|Any CPU.ActiveCfg = Debug|Any CPU
		{21AE76C4-EF90-4E95-82F1-E6FDE5D33FAE}.Debug|Any CPU.Build.0 = Debug|Any CPU
		{21AE76C4-EF90-4E95-82F1-E6FDE5D33FAE}.Release|Any CPU.ActiveCfg = Release|Any CPU
		{21AE76C4-EF90-4E95-82F1-E6FDE5D33FAE}.Release|Any CPU.Build.0 = Release|Any CPU
	EndGlobalSection
	GlobalSection(SolutionProperties) = preSolution
		HideSolutionNode = FALSE
	EndGlobalSection
	GlobalSection(ExtensibilityGlobals) = postSolution
		SolutionGuid = {062D9A28-66FA-42BC-BA2C-FD64F7267CE8}
	EndGlobalSection
EndGlobal
